
Microsoft Visual Studio Solution File, Format Version 12.00
# Visual Studio Version 16
VisualStudioVersion = 16.0.29613.14
MinimumVisualStudioVersion = 10.0.40219.1
Project("{FAE04EC0-301F-11D3-BF4B-00C04F79EFBC}") = "WebApplication1", "WebApplication1.csproj", "{DA6BE518-300C-40D4-9C6B-07FC16BB9D50}"
EndProject
Global
	GlobalSection(SolutionConfigurationPlatforms) = preSolution
		Debug|Any CPU = Debug|Any CPU
		Release|Any CPU = Release|Any CPU
	EndGlobalSection
	GlobalSection(ProjectConfigurationPlatforms) = postSolution
		{DA6BE518-300C-40D4-9C6B-07FC16BB9D50}.Debug|Any CPU.ActiveCfg = Debug|Any CPU
		{DA6BE518-300C-40D4-9C6B-07FC16BB9D50}.Debug|Any CPU.Build.0 = Debug|Any CPU
		{DA6BE518-300C-40D4-9C6B-07FC16BB9D50}.Release|Any CPU.ActiveCfg = Release|Any CPU
		{DA6BE518-300C-40D4-9C6B-07FC16BB9D50}.Release|Any CPU.Build.0 = Release|Any CPU
	EndGlobalSection
	GlobalSection(SolutionProperties) = preSolution
		HideSolutionNode = FALSE
	EndGlobalSection
	GlobalSection(ExtensibilityGlobals) = postSolution
		SolutionGuid = {0FA6FE03-8822-4B4D-AFF8-8A737A18C012}
	EndGlobalSection
EndGlobal
